github.com/ouroakley/organiser-example v0.0.0-20250623211239-baec0c72afb5 h1:T6YJYdra1m3V8dl7g8U7/zB6gkMwvk07+8nvL9PGpy4=
github.com/ouroakley/organiser-example v0.0.0-20250623211239-baec0c72afb5/go.mod h1:Z539F4uVaNri976WKD0S6MeMP7PgSDYWWxDx3rybB9k=
github.com/ouroakley/organiser-example v0.0.0-20250706234452-45f14a32d6dd h1:YwWzhX+Hw1dHqBHnQlHhWLSeasKnBhuFjnr2xHbtCVg=
github.com/ouroakley/organiser-example v0.0.0-20250706234452-45f14a32d6dd/go.mod h1:Z539F4uVaNri976WKD0S6MeMP7PgSDYWWxDx3rybB9k=
github.com/ouroakley/organiser-friends-of-oakley-infant-school v0.0.0-20250623222920-dbeab72fae62 h1:vyO0QdDhqQQWi+H9kmYgoF8WWJ1EVqr/x8eXRZTYhn8=
github.com/ouroakley/organiser-friends-of-oakley-infant-school v0.0.0-20250623222920-dbeab72fae62/go.mod h1:/1U1DYP3R0m6Y6AboIwlOrzavygPOGsFdfO4mW4sSOI=
github.com/ouroakley/organiser-friends-of-oakley-infant-school v0.0.0-20250706234456-bd3576849588 h1:RjkqQKPju24w8t5nYpE91RZaQn2VGZOa568yYh5pnkc=
github.com/ouroakley/organiser-friends-of-oakley-infant-school v0.0.0-20250706234456-bd3576849588/go.mod h1:/1U1DYP3R0m6Y6AboIwlOrzavygPOGsFdfO4mW4sSOI=
github.com/ouroakley/organiser-jolly-ollys v0.0.0-20251205005156-b5002c8cc244 h1:qTWUWZmEPd0z4Lno2T2mgKXW/eLoIa9pLPZBYDWripc=
github.com/ouroakley/organiser-jolly-ollys v0.0.0-20251205005156-b5002c8cc244/go.mod h1:iKjhkRYUrZpvhcN9pCx3JJCEysXnbDaxLAhjjEBMcM4=
github.com/ouroakley/organiser-jolly-ollys v0.0.0-20251205012025-1782b9935655 h1:Tv8jj6AsT0ymAfkOuG6bhmUEZS5AyhPglfvknsXRyGk=
github.com/ouroakley/organiser-jolly-ollys v0.0.0-20251205012025-1782b9935655/go.mod h1:iKjhkRYUrZpvhcN9pCx3JJCEysXnbDaxLAhjjEBMcM4=
github.com/ouroakley/organiser-oakley-afternoon-wi v0.0.0-20251205012010-bd92e173e268 h1:rYV0QkGkqTieKZMGEOhg4wsK4bRmT3QFktr2wPXz2MI=
github.com/ouroakley/organiser-oakley-afternoon-wi v0.0.0-20251205012010-bd92e173e268/go.mod h1:uJRgiixvYyNrJJCYGvmtywyHYXmKSuZhWg2GfDv+7H8=
github.com/ouroakley/organiser-oakley-afternoon-wi v0.0.0-20260303235814-d257bcdeae7d h1:Ulv+FfYw2XGhk5/C/PJrtVevdVAgSgTwrlgZCW8E5hY=
github.com/ouroakley/organiser-oakley-afternoon-wi v0.0.0-20260303235814-d257bcdeae7d/go.mod h1:uJRgiixvYyNrJJCYGvmtywyHYXmKSuZhWg2GfDv+7H8=
github.com/ouroakley/organiser-oakley-bowling-club v0.0.0-20250706210543-61a8da9ec8fa h1:UTLBO1hQRK6p61uIfnBASuauqYZF3eNFebH9HBAaCZk=
github.com/ouroakley/organiser-oakley-bowling-club v0.0.0-20250706210543-61a8da9ec8fa/go.mod h1:YsfBdVCKEHm4FwTmoVapur22wUEexj8AX3FPW0nDz0o=
github.com/ouroakley/organiser-oakley-bowling-club v0.0.0-20250706234500-c46e54cc4ff9 h1:B7RquZ8IewLVSIcGa6uafZni5HKPv40nrHDMkFCsWUM=
github.com/ouroakley/organiser-oakley-bowling-club v0.0.0-20250706234500-c46e54cc4ff9/go.mod h1:YsfBdVCKEHm4FwTmoVapur22wUEexj8AX3FPW0nDz0o=
github.com/ouroakley/organiser-oakley-cricket-club v0.0.0-20250623223028-0e2c24eb2316 h1:xMMzNeB+rXjj/FEDnGNUEsKbWsa3hp36UIwm37edsI0=
github.com/ouroakley/organiser-oakley-cricket-club v0.0.0-20250623223028-0e2c24eb2316/go.mod h1:ON7bxEa6Gbc4qqk0BjIzBbeZgAELBdeXuAMGHD+Qotk=
github.com/ouroakley/organiser-oakley-cricket-club v0.0.0-20250706234503-227bc925c6a1 h1:kh8cMaTXvX+Rg5nXb+EFOGuk0riQTggNTRQx+BPRkIU=
github.com/ouroakley/organiser-oakley-cricket-club v0.0.0-20250706234503-227bc925c6a1/go.mod h1:ON7bxEa6Gbc4qqk0BjIzBbeZgAELBdeXuAMGHD+Qotk=
github.com/ouroakley/organiser-oakley-deane-wi v0.0.0-20250706175831-7fbfaa1743cb h1:KmxzKRmUaTrX8rLw5xBOnjkrdb/TmjRq0H09nErmxK8=
github.com/ouroakley/organiser-oakley-deane-wi v0.0.0-20250706175831-7fbfaa1743cb/go.mod h1:atE0qenYSY2aVKNwzjBqAf1+9gTUOMuQqV7UQKCMvPM=
github.com/ouroakley/organiser-oakley-deane-wi v0.0.0-20250711110540-ec039b26a623 h1:q6tdWjn5i2SSAarCl557t/OkcWmCFneq9u6VTawh/r8=
github.com/ouroakley/organiser-oakley-deane-wi v0.0.0-20250711110540-ec039b26a623/go.mod h1:atE0qenYSY2aVKNwzjBqAf1+9gTUOMuQqV7UQKCMvPM=
github.com/ouroakley/organiser-oakley-deane-wi v0.0.0-20251205012343-26b9bd36d99a h1:in9qwCd7a5MQv/rT5paCkPCkPJNxYH7kqdfSa5haP3g=
github.com/ouroakley/organiser-oakley-deane-wi v0.0.0-20251205012343-26b9bd36d99a/go.mod h1:atE0qenYSY2aVKNwzjBqAf1+9gTUOMuQqV7UQKCMvPM=
github.com/ouroakley/organiser-oakley-deane-wi v0.0.0-20260303235813-bbb74b6d24ef h1:jcDS2gnFhktXpK3zZiulBBCUJIg+Qi9NPWIXzOGRooE=
github.com/ouroakley/organiser-oakley-deane-wi v0.0.0-20260303235813-bbb74b6d24ef/go.mod h1:atE0qenYSY2aVKNwzjBqAf1+9gTUOMuQqV7UQKCMvPM=
github.com/ouroakley/organiser-oakley-football-club v0.0.0-20250623200806-bed7d23b66ee h1:NAt9RlKvLfBruomkG1gvjeUCPZ50YqCfZEXL/i9XxUQ=
github.com/ouroakley/organiser-oakley-football-club v0.0.0-20250623200806-bed7d23b66ee/go.mod h1:d17c3T6nRx9Q2LbHQCs7E8Nb0K/DawZfT5hiWtkdKJU=
github.com/ouroakley/organiser-oakley-football-club v0.0.0-20250706234510-d7bcf49cdcd0 h1:lmamtWDZbTv8qO5w8/O7318gFNTy8Ke2B5EwitmVtNI=
github.com/ouroakley/organiser-oakley-football-club v0.0.0-20250706234510-d7bcf49cdcd0/go.mod h1:d17c3T6nRx9Q2LbHQCs7E8Nb0K/DawZfT5hiWtkdKJU=
github.com/ouroakley/organiser-oakley-gardening-club v0.0.0-20250909212910-3dabe4d8cae0 h1:u2yplwqOyOI/IjVvfkkU73iiCoMXds0crI3bUXSlyCY=
github.com/ouroakley/organiser-oakley-gardening-club v0.0.0-20250909212910-3dabe4d8cae0/go.mod h1:hoy0NIO2LyuO0AvUxLqVsSA0McI4nbI9G3Zdnu6oWjM=
github.com/ouroakley/organiser-oakley-junior-school-association v0.0.0-20250623200438-6a547e3896c0 h1:QzQqakLKcKoK49VaMUHlisJ7JQO0fbTPFyV4eGazJWI=
github.com/ouroakley/organiser-oakley-junior-school-association v0.0.0-20250623200438-6a547e3896c0/go.mod h1:R768ginaG+CkbY6GiszxwZjnLrL+JKyOcOMvmt1axBc=
github.com/ouroakley/organiser-oakley-junior-school-association v0.0.0-20250706234513-1ad54fb93bcd h1:rNhKdQ4XWubPUunYhIUk9COx/omK6D2P+39HHu9dTA8=
github.com/ouroakley/organiser-oakley-junior-school-association v0.0.0-20250706234513-1ad54fb93bcd/go.mod h1:R768ginaG+CkbY6GiszxwZjnLrL+JKyOcOMvmt1axBc=
github.com/ouroakley/organiser-oakley-mens-shed v0.0.0-20260403122433-12b365816ddb h1:FmBSxy1jx7/lbN+Sy51DsvRdTZ1Vw39vFwKBv/PXGEI=
github.com/ouroakley/organiser-oakley-mens-shed v0.0.0-20260403122433-12b365816ddb/go.mod h1:8PpymjUujTK8NdIDTJbskWzuq2Kh+yUeMx7HwYUNdy0=
github.com/ouroakley/organiser-oakley-ramblers v0.0.0-20251002150142-7a41f65d68b1 h1:J+P42elOuZYPwRRE5Ug35QyTGtHFUXRuHQzvJY432a8=
github.com/ouroakley/organiser-oakley-ramblers v0.0.0-20251002150142-7a41f65d68b1/go.mod h1:5K4G+PfmuNaJgk9NqBlghaatMhLWnfRd5rDCwfF8kaE=
github.com/ouroakley/organiser-oakley-ramblers v0.0.0-20260304001712-e83178b7f88f h1:FogGr4qHgPbS6ZpiVI8+Wrduv9Xdrfw6DyzkJoBpIHg=
github.com/ouroakley/organiser-oakley-ramblers v0.0.0-20260304001712-e83178b7f88f/go.mod h1:5K4G+PfmuNaJgk9NqBlghaatMhLWnfRd5rDCwfF8kaE=
github.com/ouroakley/organiser-oakley-stitchers-cic v0.0.0-20250623215609-e67f288b9417 h1:v7RxfDIkHWopsK7oQF0XF2xFwDKt5aKiEeNDIjCFxPo=
github.com/ouroakley/organiser-oakley-stitchers-cic v0.0.0-20250623215609-e67f288b9417/go.mod h1:OnEwJG5TKc1shQFQ2Nz2Q+QfYw/aUuMvHGhhKAHHlQE=
github.com/ouroakley/organiser-oakley-stitchers-cic v0.0.0-20250706234517-13a216a1e742 h1:z9QcjoByILYXw6Y34d17v/JEivbh5/HTUrw8A6HvD5Y=
github.com/ouroakley/organiser-oakley-stitchers-cic v0.0.0-20250706234517-13a216a1e742/go.mod h1:OnEwJG5TKc1shQFQ2Nz2Q+QfYw/aUuMvHGhhKAHHlQE=
github.com/ouroakley/organiser-oakley-wellbeing-forum v0.0.0-20250623223110-712fd7bc93bc h1:ZWI95DBPiyaqVmCo3msRw8WqCNF5e6qJVLa6K4Q+72I=
github.com/ouroakley/organiser-oakley-wellbeing-forum v0.0.0-20250623223110-712fd7bc93bc/go.mod h1:MoqPI0GfBSM8TxMU0AwFg1Ukh+nnVkl7CZwLF/4cN1Y=
github.com/ouroakley/organiser-oakley-wellbeing-forum v0.0.0-20250706234520-a526c9bf5c73 h1:Q2vhLM5sHsi2FpDS2yv676pt3e0ixfI3WIGJx+Ge0Kk=
github.com/ouroakley/organiser-oakley-wellbeing-forum v0.0.0-20250706234520-a526c9bf5c73/go.mod h1:MoqPI0GfBSM8TxMU0AwFg1Ukh+nnVkl7CZwLF/4cN1Y=
github.com/ouroakley/organiser-oakley-wellbeing-forum v0.0.0-20250909215252-fb6304f6d3b3 h1:gm6cBIveJJYGouvekzYfdWdaHwymaqSUNqkM2ODSC0c=
github.com/ouroakley/organiser-oakley-wellbeing-forum v0.0.0-20250909215252-fb6304f6d3b3/go.mod h1:MoqPI0GfBSM8TxMU0AwFg1Ukh+nnVkl7CZwLF/4cN1Y=
github.com/ouroakley/organiser-oakley-woodlands-group v0.0.0-20251205012011-0a73297f39fd h1:ghxrXqXNFPpiTm/9VDQ7REDWwCTkSbUlJlKBrl7uG8o=
github.com/ouroakley/organiser-oakley-woodlands-group v0.0.0-20251205012011-0a73297f39fd/go.mod h1:DQRHb7eipJJXg3wJ07a5wUGDJbMJnIP3pJNwT34ULWc=
github.com/ouroakley/organiser-oakley-woodlands-group v0.0.0-20260304001636-5da7ee9eb239 h1:o2pdocDmXC3wuV4nkKYqkt77p40B6HOqJ6YGbsehyIo=
github.com/ouroakley/organiser-oakley-woodlands-group v0.0.0-20260304001636-5da7ee9eb239/go.mod h1:DQRHb7eipJJXg3wJ07a5wUGDJbMJnIP3pJNwT34ULWc=
github.com/ouroakley/organiser-oca v0.0.0-20250623223222-b29453711339 h1:xlTLrA6HBkTuRUZjNexhDSr6pASsmpymknhj2yV8GJI=
github.com/ouroakley/organiser-oca v0.0.0-20250623223222-b29453711339/go.mod h1:b1/XjxnJ5HTLS9O6GG92A81V8vsdCcX4/cE1FUXrN8Y=
github.com/ouroakley/organiser-oca v0.0.0-20250706234523-d427f916e92d h1:/Esd/g07Hj2Pe/Pp+VcanTzvoHshqIWPCaK/8KTfXFY=
github.com/ouroakley/organiser-oca v0.0.0-20250706234523-d427f916e92d/go.mod h1:b1/XjxnJ5HTLS9O6GG92A81V8vsdCcX4/cE1FUXrN8Y=
github.com/ouroakley/organiser-oca v0.0.0-20260315212721-db34fe3a6887 h1:IWmFdjCfmQf1xI/RjPj/YuybD9/jvcyz1pvzuwvsAaU=
github.com/ouroakley/organiser-oca v0.0.0-20260315212721-db34fe3a6887/go.mod h1:b1/XjxnJ5HTLS9O6GG92A81V8vsdCcX4/cE1FUXrN8Y=
github.com/ouroakley/organiser-odpc v0.0.0-20250623220813-8ec3df3327d6 h1:JclS8lcFeHF34Gmeqc8F6Q61F1gdgS3B2sKQ06CDTIA=
github.com/ouroakley/organiser-odpc v0.0.0-20250623220813-8ec3df3327d6/go.mod h1:rUQh9KGEiXWqqimfqwmF1VxhfE6g+x9/wDATRlu05a4=
github.com/ouroakley/organiser-odpc v0.0.0-20250706234527-13f8f6becf54 h1:HA5/FPx9vUcBgeEM0bJ37fzi1NnXnigXS+EccZH6+64=
github.com/ouroakley/organiser-odpc v0.0.0-20250706234527-13f8f6becf54/go.mod h1:rUQh9KGEiXWqqimfqwmF1VxhfE6g+x9/wDATRlu05a4=
github.com/ouroakley/organiser-odpc v0.0.0-20251205012021-099266810e41 h1:1+QGCbRje+YsDOlZcUDdSNzuZ3ULP+C7/ILBnQCxolY=
github.com/ouroakley/organiser-odpc v0.0.0-20251205012021-099266810e41/go.mod h1:rUQh9KGEiXWqqimfqwmF1VxhfE6g+x9/wDATRlu05a4=
github.com/ouroakley/organiser-odpc v0.0.0-20260304001636-91ea4f70f4c3 h1:ZzSM+aM1FTOfFvEISYV7CpsyOiiIVyQeOo0gu+VoMVk=
github.com/ouroakley/organiser-odpc v0.0.0-20260304001636-91ea4f70f4c3/go.mod h1:rUQh9KGEiXWqqimfqwmF1VxhfE6g+x9/wDATRlu05a4=
github.com/ouroakley/organiser-oww v0.0.0-20250623220857-d3ab0ffa69ad h1:wfQOe0BDItybD2QbXgxqjrTXLt5KP/kSPf+DRY/8XIU=
github.com/ouroakley/organiser-oww v0.0.0-20250623220857-d3ab0ffa69ad/go.mod h1:Bohe8b9TvGuP6/Ty/kVtDGpQP0aNSBv3jiAF6kN6m3I=
github.com/ouroakley/organiser-oww v0.0.0-20250707002118-401d9cdeb2cd h1:0zvsvqEbSG7Dn/haSGThsrkw1HSZpofbUy8+6X2H0UY=
github.com/ouroakley/organiser-oww v0.0.0-20250707002118-401d9cdeb2cd/go.mod h1:Bohe8b9TvGuP6/Ty/kVtDGpQP0aNSBv3jiAF6kN6m3I=
github.com/ouroakley/organiser-oww v0.0.0-20251205012023-26489170d658 h1:850qhLxFdOA0aFGGR3dwaIO+rvWcZoPUiMugAczwQP0=
github.com/ouroakley/organiser-oww v0.0.0-20251205012023-26489170d658/go.mod h1:Bohe8b9TvGuP6/Ty/kVtDGpQP0aNSBv3jiAF6kN6m3I=
github.com/ouroakley/organiser-oww v0.0.0-20260304004143-e58eee605606 h1:hDuiso92vijibd+oX0RXYuofgvbe+57GoL+YTqdzU74=
github.com/ouroakley/organiser-oww v0.0.0-20260304004143-e58eee605606/go.mod h1:Bohe8b9TvGuP6/Ty/kVtDGpQP0aNSBv3jiAF6kN6m3I=
github.com/ouroakley/organiser-ramblers-wellbeing-walks-basingstoke v0.0.0-20250623220940-11b00ebce319 h1:BfQMky2YrRWz8Ugt7FqETBeCqzq0WjxwqNPVScAENkQ=
github.com/ouroakley/organiser-ramblers-wellbeing-walks-basingstoke v0.0.0-20250623220940-11b00ebce319/go.mod h1:p4AECnJyXEjXEx1jFMqtbq5P6X4G29Nq3zUN/SPDW8o=
github.com/ouroakley/organiser-ramblers-wellbeing-walks-basingstoke v0.0.0-20250706234534-b31b3bc7a690 h1:cuuETyYGqWZorb1ZYtO34gfrTXLz2Rb5oBhADK/gI9E=
github.com/ouroakley/organiser-ramblers-wellbeing-walks-basingstoke v0.0.0-20250706234534-b31b3bc7a690/go.mod h1:p4AECnJyXEjXEx1jFMqtbq5P6X4G29Nq3zUN/SPDW8o=
github.com/ouroakley/organiser-ramblers-wellbeing-walks-basingstoke v0.0.0-20251205012014-b39a9b45feef h1:gjmOVaG/YPQcdRjWyYHX/tEnkfnvYfgwT3gtIGkULyg=
github.com/ouroakley/organiser-ramblers-wellbeing-walks-basingstoke v0.0.0-20251205012014-b39a9b45feef/go.mod h1:p4AECnJyXEjXEx1jFMqtbq5P6X4G29Nq3zUN/SPDW8o=
github.com/ouroakley/organiser-ramblers-wellbeing-walks-basingstoke v0.0.0-20260304001635-8486cf162481 h1:aXZt8zOix3AoNtXq/q4NJyTiFCoxG92zAqkWNHjJ5KY=
github.com/ouroakley/organiser-ramblers-wellbeing-walks-basingstoke v0.0.0-20260304001635-8486cf162481/go.mod h1:p4AECnJyXEjXEx1jFMqtbq5P6X4G29Nq3zUN/SPDW8o=
github.com/ouroakley/organiser-the-barley-mow v0.0.0-20250704092414-b9d48d71dfcf h1:0oDqI+v6wUIFvtIZBr8DWfD6Ob80USLopPWMiLsGA/k=
github.com/ouroakley/organiser-the-barley-mow v0.0.0-20250704092414-b9d48d71dfcf/go.mod h1:rxGijhTXEvyIChW/VB+IUtWeffozMALZuelzc5WMPY8=
github.com/ouroakley/organiser-the-barley-mow v0.0.0-20250706235620-c050e53696d6 h1:DHy2C+09wQAXfKWRw9y5PNW07lo8AhykZ2xInSWmk/0=
github.com/ouroakley/organiser-the-barley-mow v0.0.0-20250706235620-c050e53696d6/go.mod h1:rxGijhTXEvyIChW/VB+IUtWeffozMALZuelzc5WMPY8=
github.com/ouroakley/organiser-the-barley-mow v0.0.0-20251022113942-a11a0355103d h1:GsAT02RtUZttH4/3reNFfoBZBFgGD8wtq8H/GQzV0hw=
github.com/ouroakley/organiser-the-barley-mow v0.0.0-20251022113942-a11a0355103d/go.mod h1:rxGijhTXEvyIChW/VB+IUtWeffozMALZuelzc5WMPY8=
github.com/ouroakley/organiser-the-methodist-church v0.0.0-20250623221110-52fff2c8fd58 h1:wWJ19svsDYMmvQRWxDiXZaon1LYv9Z+MB5uozJEx8/s=
github.com/ouroakley/organiser-the-methodist-church v0.0.0-20250623221110-52fff2c8fd58/go.mod h1:a+AJDxZwfK2WbVJewurg1gSs6due3eX6sWnm/DOVWQI=
github.com/ouroakley/organiser-the-methodist-church v0.0.0-20250706234541-7297303856ad h1:KM0SHpQJ2utedTBYWalrFFlQv44QYPFA9Oh0VV/FiBU=
github.com/ouroakley/organiser-the-methodist-church v0.0.0-20250706234541-7297303856ad/go.mod h1:a+AJDxZwfK2WbVJewurg1gSs6due3eX6sWnm/DOVWQI=
github.com/ouroakley/organiser-the-methodist-church v0.0.0-20260304004144-ad239fb03b1e h1:GBZ5B06fcahMIbuqIuy69YWBZxhk9xgGPVUh8zpAOKg=
github.com/ouroakley/organiser-the-methodist-church v0.0.0-20260304004144-ad239fb03b1e/go.mod h1:a+AJDxZwfK2WbVJewurg1gSs6due3eX6sWnm/DOVWQI=
